# Published main release: drasi-project/drasi-core@70ca432c0f12623ab9b371b2d515180ccc80c2dd
# Plugin SDK and host SDK crate 0.11.2 both use native ABI 0.14.0.
version = 1

[plugins."source/http"]
reference = "ghcr.io/drasi-project/source/http@sha256:cebade1ce19cea4583a0d6ff41aabf3bc40e9076d366001b0d874410b39961a3"
version = "0.2.12"
digest = "sha256:cebade1ce19cea4583a0d6ff41aabf3bc40e9076d366001b0d874410b39961a3"
sdk_version = "0.11.2"
core_version = "0.5.9"
lib_version = "0.9.2"
platform = "linux/arm64"
filename = "libdrasi_source_http.so"
file_hash = "c2ae66ce7c30dbfa3319b88250232733cf7213f28ae796bd28b085dcddaf2809"

[plugins."source/http".signature]
verified = true
issuer = "https://token.actions.githubusercontent.com"
subject = "https://github.com/drasi-project/drasi-core/.github/workflows/publish-plugins.yml@refs/heads/main"

[plugins."source/postgres"]
reference = "ghcr.io/drasi-project/source/postgres@sha256:25e724ab4662c0930282119522464cf03fb08d4d91ac93a9b1e11c746bf38a64"
version = "0.2.11"
digest = "sha256:25e724ab4662c0930282119522464cf03fb08d4d91ac93a9b1e11c746bf38a64"
sdk_version = "0.11.2"
core_version = "0.5.9"
lib_version = "0.9.2"
platform = "linux/arm64"
filename = "libdrasi_source_postgres.so"
file_hash = "9602b778f5aa90d296335f0e039c8ffd69836601cd919cadc047a511fa8b5399"

[plugins."source/postgres".signature]
verified = true
issuer = "https://token.actions.githubusercontent.com"
subject = "https://github.com/drasi-project/drasi-core/.github/workflows/publish-plugins.yml@refs/heads/main"

[plugins."bootstrap/postgres"]
reference = "ghcr.io/drasi-project/bootstrap/postgres@sha256:6c668ef77614fd1dafa76be3ead3be20f2af9ddf5d4afdddab8a0f782d4ce03d"
version = "0.2.14"
digest = "sha256:6c668ef77614fd1dafa76be3ead3be20f2af9ddf5d4afdddab8a0f782d4ce03d"
sdk_version = "0.11.2"
core_version = "0.5.9"
lib_version = "0.9.2"
platform = "linux/arm64"
filename = "libdrasi_bootstrap_postgres.so"
file_hash = "a7f40ad2d95e2b012f4993a4cb13934a493b92be07185b74e67e45b2f0d7fd52"

[plugins."bootstrap/postgres".signature]
verified = true
issuer = "https://token.actions.githubusercontent.com"
subject = "https://github.com/drasi-project/drasi-core/.github/workflows/publish-plugins.yml@refs/heads/main"

[plugins."bootstrap/scriptfile"]
reference = "ghcr.io/drasi-project/bootstrap/scriptfile@sha256:6910a5c5d725c224a4ffb85ca6547d368458caf3a8376354e63f6719542ff434"
version = "0.2.14"
digest = "sha256:6910a5c5d725c224a4ffb85ca6547d368458caf3a8376354e63f6719542ff434"
sdk_version = "0.11.2"
core_version = "0.5.9"
lib_version = "0.9.2"
platform = "linux/arm64"
filename = "libdrasi_bootstrap_scriptfile.so"
file_hash = "a69b52a81ea9739c21a152eb76088955316e3d53d77de36ace37c5e08cb8620d"

[plugins."bootstrap/scriptfile".signature]
verified = true
issuer = "https://token.actions.githubusercontent.com"
subject = "https://github.com/drasi-project/drasi-core/.github/workflows/publish-plugins.yml@refs/heads/main"

[plugins."reaction/sse"]
reference = "ghcr.io/drasi-project/reaction/sse@sha256:2c5310c4b5fe4fcafe6444938217a553bda9030ba7f83edd9377855d2a99290f"
version = "0.3.7"
digest = "sha256:2c5310c4b5fe4fcafe6444938217a553bda9030ba7f83edd9377855d2a99290f"
sdk_version = "0.11.2"
core_version = "0.5.9"
lib_version = "0.9.2"
platform = "linux/arm64"
filename = "libdrasi_reaction_sse.so"
file_hash = "5db29a312a3546253e129407b7f42a4b46cfee1dbb6f5f0dd3410e826fdcdd5b"

[plugins."reaction/sse".signature]
verified = true
issuer = "https://token.actions.githubusercontent.com"
subject = "https://github.com/drasi-project/drasi-core/.github/workflows/publish-plugins.yml@refs/heads/main"
