# Published main release: drasi-project/drasi-core@70ca432c0f12623ab9b371b2d515180ccc80c2dd
# Plugin SDK and host SDK crate 0.11.2 both use native ABI 0.14.0.
version = 1

[plugins."source/http:0.2.12"]
reference = "ghcr.io/drasi-project/source/http@sha256:dc103b15abf61b11a9ca5646164391989a270fa2e5331539ffe957af5daae4d4"
version = "0.2.12"
digest = "sha256:dc103b15abf61b11a9ca5646164391989a270fa2e5331539ffe957af5daae4d4"
sdk_version = "0.11.2"
core_version = "0.5.9"
lib_version = "0.9.2"
platform = "darwin/arm64"
filename = "libdrasi_source_http.dylib"
file_hash = "29bcecad02eef2a743f1d414dcd5f535e9cef4c2590fa95ddb04f9b41b0d807f"

[plugins."source/http:0.2.12".signature]
verified = true
issuer = "https://token.actions.githubusercontent.com"
subject = "https://github.com/drasi-project/drasi-core/.github/workflows/publish-plugins.yml@refs/heads/main"

[plugins."source/postgres:0.2.11"]
reference = "ghcr.io/drasi-project/source/postgres@sha256:b78ca83d63235184fc473b18b6ae083ef295354622d1f03431780567baad2254"
version = "0.2.11"
digest = "sha256:b78ca83d63235184fc473b18b6ae083ef295354622d1f03431780567baad2254"
sdk_version = "0.11.2"
core_version = "0.5.9"
lib_version = "0.9.2"
platform = "darwin/arm64"
filename = "libdrasi_source_postgres.dylib"
file_hash = "6e225dc6ec2c074fb92ff807da620f773b60602b0f64e3b21b0a2a7800ced54b"

[plugins."source/postgres:0.2.11".signature]
verified = true
issuer = "https://token.actions.githubusercontent.com"
subject = "https://github.com/drasi-project/drasi-core/.github/workflows/publish-plugins.yml@refs/heads/main"

[plugins."bootstrap/postgres:0.2.14"]
reference = "ghcr.io/drasi-project/bootstrap/postgres@sha256:ea4c97623b4be06ffb82cb8e7f5af3554ceb9f70b14fef55c2155043e73d03b2"
version = "0.2.14"
digest = "sha256:ea4c97623b4be06ffb82cb8e7f5af3554ceb9f70b14fef55c2155043e73d03b2"
sdk_version = "0.11.2"
core_version = "0.5.9"
lib_version = "0.9.2"
platform = "darwin/arm64"
filename = "libdrasi_bootstrap_postgres.dylib"
file_hash = "8ad72ea4b91f215568b5c10afc253247d99a6c9be06550eeb0fa378354fabdc3"

[plugins."bootstrap/postgres:0.2.14".signature]
verified = true
issuer = "https://token.actions.githubusercontent.com"
subject = "https://github.com/drasi-project/drasi-core/.github/workflows/publish-plugins.yml@refs/heads/main"

[plugins."bootstrap/scriptfile:0.2.14"]
reference = "ghcr.io/drasi-project/bootstrap/scriptfile@sha256:0941e1829975677c5ccd5d99e5b95ce0e9cf191b2e6f36dcbfbfad8e617faed7"
version = "0.2.14"
digest = "sha256:0941e1829975677c5ccd5d99e5b95ce0e9cf191b2e6f36dcbfbfad8e617faed7"
sdk_version = "0.11.2"
core_version = "0.5.9"
lib_version = "0.9.2"
platform = "darwin/arm64"
filename = "libdrasi_bootstrap_scriptfile.dylib"
file_hash = "882f3134518010d498fcdfa4968c52429f217000d06cda2188066d2fc757c804"

[plugins."bootstrap/scriptfile:0.2.14".signature]
verified = true
issuer = "https://token.actions.githubusercontent.com"
subject = "https://github.com/drasi-project/drasi-core/.github/workflows/publish-plugins.yml@refs/heads/main"

[plugins."reaction/sse:0.3.7"]
reference = "ghcr.io/drasi-project/reaction/sse@sha256:50ac8f06da65910add6fb347d3007bb951383cc6b071f8b19ededf05b27d6334"
version = "0.3.7"
digest = "sha256:50ac8f06da65910add6fb347d3007bb951383cc6b071f8b19ededf05b27d6334"
sdk_version = "0.11.2"
core_version = "0.5.9"
lib_version = "0.9.2"
platform = "darwin/arm64"
filename = "libdrasi_reaction_sse.dylib"
file_hash = "3a17be306d59142ad03e3a12c324100ad183f32ec49140f86f9d1d8351f19952"

[plugins."reaction/sse:0.3.7".signature]
verified = true
issuer = "https://token.actions.githubusercontent.com"
subject = "https://github.com/drasi-project/drasi-core/.github/workflows/publish-plugins.yml@refs/heads/main"
