# Published main release: drasi-project/drasi-core@70ca432c0f12623ab9b371b2d515180ccc80c2dd
# Plugin SDK and host SDK crate 0.11.2 both use native ABI 0.14.0.
version = 1

[plugins."source/http"]
reference = "ghcr.io/drasi-project/source/http@sha256:e33a81753d8acae4f4c9d08fa81485fb5fda03517947c878375e333dfab61987"
version = "0.2.12"
digest = "sha256:e33a81753d8acae4f4c9d08fa81485fb5fda03517947c878375e333dfab61987"
sdk_version = "0.11.2"
core_version = "0.5.9"
lib_version = "0.9.2"
platform = "linux/amd64"
filename = "libdrasi_source_http.so"
file_hash = "b337418ef9bf7873fb7e8ebc2600a26106db1c8de99936b46b224f07f53d5354"

[plugins."source/http".signature]
verified = true
issuer = "https://token.actions.githubusercontent.com"
subject = "https://github.com/drasi-project/drasi-core/.github/workflows/publish-plugins.yml@refs/heads/main"

[plugins."source/postgres"]
reference = "ghcr.io/drasi-project/source/postgres@sha256:f82c9119c34beaa232f5063f13ecabd1aee0210eb17e9117350dbcc5ed60d073"
version = "0.2.11"
digest = "sha256:f82c9119c34beaa232f5063f13ecabd1aee0210eb17e9117350dbcc5ed60d073"
sdk_version = "0.11.2"
core_version = "0.5.9"
lib_version = "0.9.2"
platform = "linux/amd64"
filename = "libdrasi_source_postgres.so"
file_hash = "25245d3605e91ab1d42dc7934a669bba5c639bcfb97e9a6eb1baa9a260e4f549"

[plugins."source/postgres".signature]
verified = true
issuer = "https://token.actions.githubusercontent.com"
subject = "https://github.com/drasi-project/drasi-core/.github/workflows/publish-plugins.yml@refs/heads/main"

[plugins."bootstrap/postgres"]
reference = "ghcr.io/drasi-project/bootstrap/postgres@sha256:19cab88b545b2d2652a6fb90e40023e201f35a5a4612a1a86405c0e55cf201fa"
version = "0.2.14"
digest = "sha256:19cab88b545b2d2652a6fb90e40023e201f35a5a4612a1a86405c0e55cf201fa"
sdk_version = "0.11.2"
core_version = "0.5.9"
lib_version = "0.9.2"
platform = "linux/amd64"
filename = "libdrasi_bootstrap_postgres.so"
file_hash = "db3e723cf024781ad58c8ba848ed631806b6cb4ed7fd94b2092ddb8e21aff03b"

[plugins."bootstrap/postgres".signature]
verified = true
issuer = "https://token.actions.githubusercontent.com"
subject = "https://github.com/drasi-project/drasi-core/.github/workflows/publish-plugins.yml@refs/heads/main"

[plugins."bootstrap/scriptfile"]
reference = "ghcr.io/drasi-project/bootstrap/scriptfile@sha256:25c8131a9e5d67627f30ba235f2b9af1a9a62efd1117865561025261c105888e"
version = "0.2.14"
digest = "sha256:25c8131a9e5d67627f30ba235f2b9af1a9a62efd1117865561025261c105888e"
sdk_version = "0.11.2"
core_version = "0.5.9"
lib_version = "0.9.2"
platform = "linux/amd64"
filename = "libdrasi_bootstrap_scriptfile.so"
file_hash = "d86f8bae3193355b557873e85a4b476b66b27b495d5442ef709e2057d598ca54"

[plugins."bootstrap/scriptfile".signature]
verified = true
issuer = "https://token.actions.githubusercontent.com"
subject = "https://github.com/drasi-project/drasi-core/.github/workflows/publish-plugins.yml@refs/heads/main"

[plugins."reaction/sse"]
reference = "ghcr.io/drasi-project/reaction/sse@sha256:3785295b3ea991a7d75bda28cd147ce007a505983823c12ab5ad4ac301d45b5c"
version = "0.3.7"
digest = "sha256:3785295b3ea991a7d75bda28cd147ce007a505983823c12ab5ad4ac301d45b5c"
sdk_version = "0.11.2"
core_version = "0.5.9"
lib_version = "0.9.2"
platform = "linux/amd64"
filename = "libdrasi_reaction_sse.so"
file_hash = "00ac1456ea3a177b6a8f16aa9eb6fc7ebc0ab2420f18be3c24b5714dbac4c4e8"

[plugins."reaction/sse".signature]
verified = true
issuer = "https://token.actions.githubusercontent.com"
subject = "https://github.com/drasi-project/drasi-core/.github/workflows/publish-plugins.yml@refs/heads/main"
