# Published main release: drasi-project/drasi-core@3f043cd9e30072c1b47a29f9c5d3b11b1a356c9a
# Plugin SDK crate 0.11.1 and host SDK crate 0.11.0 both use native ABI 0.13.0.
version = 1

[plugins."source/http"]
reference = "ghcr.io/drasi-project/source/http@sha256:6ad0353674b082019b48ff401ac5305cfb93aa767d5d856efdb1b00802dd54d1"
version = "0.2.11"
digest = "sha256:6ad0353674b082019b48ff401ac5305cfb93aa767d5d856efdb1b00802dd54d1"
sdk_version = "0.11.1"
core_version = "0.5.8"
lib_version = "0.9.1"
platform = "linux/arm64"
filename = "libdrasi_source_http.so"
file_hash = "17081cb6d7ce7eb6506a385dac32ac91b52f7cc431bf0d57a4be1b6a88dc9368"

[plugins."source/http".signature]
verified = true
issuer = "https://token.actions.githubusercontent.com"
subject = "https://github.com/drasi-project/drasi-core/.github/workflows/publish-plugins.yml@refs/heads/main"

[plugins."source/postgres"]
reference = "ghcr.io/drasi-project/source/postgres@sha256:c50739b7f6383b781afe32f80aa3cd7ded0a71678beef3d73be00a4f4653e4c8"
version = "0.2.10"
digest = "sha256:c50739b7f6383b781afe32f80aa3cd7ded0a71678beef3d73be00a4f4653e4c8"
sdk_version = "0.11.1"
core_version = "0.5.8"
lib_version = "0.9.1"
platform = "linux/arm64"
filename = "libdrasi_source_postgres.so"
file_hash = "d0a30ecd461cdc013b49172ddbdcc6b9ec24e33113f96cfba2a49ad4250ded2a"

[plugins."source/postgres".signature]
verified = true
issuer = "https://token.actions.githubusercontent.com"
subject = "https://github.com/drasi-project/drasi-core/.github/workflows/publish-plugins.yml@refs/heads/main"

[plugins."bootstrap/postgres"]
reference = "ghcr.io/drasi-project/bootstrap/postgres@sha256:74eac45f6ac9661abced66fe132024ea8461d4c4b9983b6ca17240b2d0fc8b94"
version = "0.2.13"
digest = "sha256:74eac45f6ac9661abced66fe132024ea8461d4c4b9983b6ca17240b2d0fc8b94"
sdk_version = "0.11.1"
core_version = "0.5.8"
lib_version = "0.9.1"
platform = "linux/arm64"
filename = "libdrasi_bootstrap_postgres.so"
file_hash = "54bf1cd845d4402208d3a7ecfc5f39533aca34daaf5d89e223f0c892b150ac57"

[plugins."bootstrap/postgres".signature]
verified = true
issuer = "https://token.actions.githubusercontent.com"
subject = "https://github.com/drasi-project/drasi-core/.github/workflows/publish-plugins.yml@refs/heads/main"

[plugins."bootstrap/scriptfile"]
reference = "ghcr.io/drasi-project/bootstrap/scriptfile@sha256:88153d44bc12f1117d59874d8d95698272d3fd7c218d47a584c7a50b527ba87f"
version = "0.2.13"
digest = "sha256:88153d44bc12f1117d59874d8d95698272d3fd7c218d47a584c7a50b527ba87f"
sdk_version = "0.11.1"
core_version = "0.5.8"
lib_version = "0.9.1"
platform = "linux/arm64"
filename = "libdrasi_bootstrap_scriptfile.so"
file_hash = "788c8482a115bec3dcd9099336948c8d1157e50e37614bcbd33f4eff1b00d677"

[plugins."bootstrap/scriptfile".signature]
verified = true
issuer = "https://token.actions.githubusercontent.com"
subject = "https://github.com/drasi-project/drasi-core/.github/workflows/publish-plugins.yml@refs/heads/main"

[plugins."reaction/sse"]
reference = "ghcr.io/drasi-project/reaction/sse@sha256:493382d9971709e4f5237eff5376f68021a72c3c482b623c65f3a324d98736e5"
version = "0.3.6"
digest = "sha256:493382d9971709e4f5237eff5376f68021a72c3c482b623c65f3a324d98736e5"
sdk_version = "0.11.1"
core_version = "0.5.8"
lib_version = "0.9.1"
platform = "linux/arm64"
filename = "libdrasi_reaction_sse.so"
file_hash = "31bf124e0adbceb280059fa292f238671a817039606d6a8fbdf6685504dfde94"

[plugins."reaction/sse".signature]
verified = true
issuer = "https://token.actions.githubusercontent.com"
subject = "https://github.com/drasi-project/drasi-core/.github/workflows/publish-plugins.yml@refs/heads/main"
