# Published main release: drasi-project/drasi-core@22125bf1d66062533b832a166fe4a51079a23d6e
# Plugin SDK and host SDK crate 0.11.3 both use native ABI 0.14.0.
version = 1

[plugins."source/mock:0.2.12"]
reference = "ghcr.io/drasi-project/source/mock@sha256:d2e11ab2bf13911f35e8aa6362b8d4b78fdedececd048354286a2417cd51010f"
version = "0.2.12"
digest = "sha256:d2e11ab2bf13911f35e8aa6362b8d4b78fdedececd048354286a2417cd51010f"
sdk_version = "0.11.3"
core_version = "0.5.10"
lib_version = "0.9.3"
platform = "darwin/arm64"
filename = "libdrasi_source_mock.dylib"
file_hash = "73e9436dc0955255660adae2686829cb59e585efa189a36136c0aa9f8513980a"

[plugins."source/mock:0.2.12".signature]
verified = true
issuer = "https://token.actions.githubusercontent.com"
subject = "https://github.com/drasi-project/drasi-core/.github/workflows/publish-plugins.yml@refs/heads/main"

[plugins."reaction/log:0.2.9"]
reference = "ghcr.io/drasi-project/reaction/log@sha256:6a59681291929a91433261df9d26d70c3d5a043db061b3bb0f82eaadd57c7466"
version = "0.2.9"
digest = "sha256:6a59681291929a91433261df9d26d70c3d5a043db061b3bb0f82eaadd57c7466"
sdk_version = "0.11.3"
core_version = "0.5.10"
lib_version = "0.9.3"
platform = "darwin/arm64"
filename = "libdrasi_reaction_log.dylib"
file_hash = "e586eac17ea3c3b810de9fa070bc5cc1f5a1cebd305ac5eda7812f47e024528a"

[plugins."reaction/log:0.2.9".signature]
verified = true
issuer = "https://token.actions.githubusercontent.com"
subject = "https://github.com/drasi-project/drasi-core/.github/workflows/publish-plugins.yml@refs/heads/main"

[plugins."reaction/http:0.3.5"]
reference = "ghcr.io/drasi-project/reaction/http@sha256:1452fd9e8f75af565a017dd006538b033bf9402e845f4f4be89ccdea9eee4ff7"
version = "0.3.5"
digest = "sha256:1452fd9e8f75af565a017dd006538b033bf9402e845f4f4be89ccdea9eee4ff7"
sdk_version = "0.11.3"
core_version = "0.5.10"
lib_version = "0.9.3"
platform = "darwin/arm64"
filename = "libdrasi_reaction_http.dylib"
file_hash = "6ba718a5b3751ed4403ca68af68a8640cc782955d0dcfd8f71610cf66d8eaa50"

[plugins."reaction/http:0.3.5".signature]
verified = true
issuer = "https://token.actions.githubusercontent.com"
subject = "https://github.com/drasi-project/drasi-core/.github/workflows/publish-plugins.yml@refs/heads/main"
