# Published main release: drasi-project/drasi-core@70ca432c0f12623ab9b371b2d515180ccc80c2dd
# Plugin SDK and host SDK crate 0.11.2 both use native ABI 0.14.0.
version = 1

[plugins."source/mock"]
reference = "ghcr.io/drasi-project/source/mock@sha256:ec5d463f29f97470af25335cb243c92f50bd04448bc02dd582b9ce9075baa3a8"
version = "0.2.11"
digest = "sha256:ec5d463f29f97470af25335cb243c92f50bd04448bc02dd582b9ce9075baa3a8"
sdk_version = "0.11.2"
core_version = "0.5.9"
lib_version = "0.9.2"
platform = "linux/arm64"
filename = "libdrasi_source_mock.so"
file_hash = "a8ae35c91265e47752ec324e45c9f8d241e4ccdadb04c1c1b139afc7367d7c04"

[plugins."source/mock".signature]
verified = true
issuer = "https://token.actions.githubusercontent.com"
subject = "https://github.com/drasi-project/drasi-core/.github/workflows/publish-plugins.yml@refs/heads/main"

[plugins."reaction/log"]
reference = "ghcr.io/drasi-project/reaction/log@sha256:61d5e276d09135a7686f826975f6ec88c55331cc3ee498dd4f1faeb85507e92d"
version = "0.2.8"
digest = "sha256:61d5e276d09135a7686f826975f6ec88c55331cc3ee498dd4f1faeb85507e92d"
sdk_version = "0.11.2"
core_version = "0.5.9"
lib_version = "0.9.2"
platform = "linux/arm64"
filename = "libdrasi_reaction_log.so"
file_hash = "8d8a7e716191561ae4ec8b5fabf0d96de62095dd5f688d50a08d33ce73145519"

[plugins."reaction/log".signature]
verified = true
issuer = "https://token.actions.githubusercontent.com"
subject = "https://github.com/drasi-project/drasi-core/.github/workflows/publish-plugins.yml@refs/heads/main"

[plugins."reaction/http"]
reference = "ghcr.io/drasi-project/reaction/http@sha256:7556a9797fb34a9ef92183e671027e9bef2c1bb9e78f7a167018b0cc30c63aa5"
version = "0.3.4"
digest = "sha256:7556a9797fb34a9ef92183e671027e9bef2c1bb9e78f7a167018b0cc30c63aa5"
sdk_version = "0.11.2"
core_version = "0.5.9"
lib_version = "0.9.2"
platform = "linux/arm64"
filename = "libdrasi_reaction_http.so"
file_hash = "9f9619e14c4723af935a4b8290db88b6fe64fc627ed77fdaef2bc455bd87b955"

[plugins."reaction/http".signature]
verified = true
issuer = "https://token.actions.githubusercontent.com"
subject = "https://github.com/drasi-project/drasi-core/.github/workflows/publish-plugins.yml@refs/heads/main"
