# Published main release: drasi-project/drasi-core@70ca432c0f12623ab9b371b2d515180ccc80c2dd
# Plugin SDK and host SDK crate 0.11.2 both use native ABI 0.14.0.
version = 1

[plugins."source/mock:0.2.11"]
reference = "ghcr.io/drasi-project/source/mock@sha256:cb6b4fd7597b4bacf69404d196b5cce62a6160788752ddae8c790335624b90ec"
version = "0.2.11"
digest = "sha256:cb6b4fd7597b4bacf69404d196b5cce62a6160788752ddae8c790335624b90ec"
sdk_version = "0.11.2"
core_version = "0.5.9"
lib_version = "0.9.2"
platform = "darwin/arm64"
filename = "libdrasi_source_mock.dylib"
file_hash = "da957e0843376314fefdbf6054784511819b4cf84b237c1f7b43ef1df9ca7501"

[plugins."source/mock:0.2.11".signature]
verified = true
issuer = "https://token.actions.githubusercontent.com"
subject = "https://github.com/drasi-project/drasi-core/.github/workflows/publish-plugins.yml@refs/heads/main"

[plugins."reaction/log:0.2.8"]
reference = "ghcr.io/drasi-project/reaction/log@sha256:d6309d31b804b5622b0b4e1ef8b9251d5ea290b7a8ad23714d63ececb267b1ee"
version = "0.2.8"
digest = "sha256:d6309d31b804b5622b0b4e1ef8b9251d5ea290b7a8ad23714d63ececb267b1ee"
sdk_version = "0.11.2"
core_version = "0.5.9"
lib_version = "0.9.2"
platform = "darwin/arm64"
filename = "libdrasi_reaction_log.dylib"
file_hash = "332b30476e039f3a793d943f3976456a64428d251b78078147a7ae2f40116ac9"

[plugins."reaction/log:0.2.8".signature]
verified = true
issuer = "https://token.actions.githubusercontent.com"
subject = "https://github.com/drasi-project/drasi-core/.github/workflows/publish-plugins.yml@refs/heads/main"

[plugins."reaction/http:0.3.4"]
reference = "ghcr.io/drasi-project/reaction/http@sha256:576dc14a09b67f03145e26bd8d07b9c45bf7b53a7c910629fa394f14387a2130"
version = "0.3.4"
digest = "sha256:576dc14a09b67f03145e26bd8d07b9c45bf7b53a7c910629fa394f14387a2130"
sdk_version = "0.11.2"
core_version = "0.5.9"
lib_version = "0.9.2"
platform = "darwin/arm64"
filename = "libdrasi_reaction_http.dylib"
file_hash = "6148bc91f1a0cd439a29c9d55c929af31f3ac397f84198bd68695651fc4b5523"

[plugins."reaction/http:0.3.4".signature]
verified = true
issuer = "https://token.actions.githubusercontent.com"
subject = "https://github.com/drasi-project/drasi-core/.github/workflows/publish-plugins.yml@refs/heads/main"
